
Microsoft Visual Studio Solution File, Format Version 12.00
# Visual Studio Version 17
VisualStudioVersion = 17.4.33213.308
MinimumVisualStudioVersion = 10.0.40219.1
Project("{9A19103F-16F7-4668-BE54-9A1E7A4F7556}") = "Diplom", "Diplom.csproj", "{31BFD1FB-F42E-4C3D-ABF7-563A00E6C767}"
EndProject
Global
	GlobalSection(SolutionConfigurationPlatforms) = preSolution
		Debug|Any CPU = Debug|Any CPU
		Release|Any CPU = Release|Any CPU
	EndGlobalSection
	GlobalSection(ProjectConfigurationPlatforms) = postSolution
		{31BFD1FB-F42E-4C3D-ABF7-563A00E6C767}.Debug|Any CPU.ActiveCfg = Debug|Any CPU
		{31BFD1FB-F42E-4C3D-ABF7-563A00E6C767}.Debug|Any CPU.Build.0 = Debug|Any CPU
		{31BFD1FB-F42E-4C3D-ABF7-563A00E6C767}.Release|Any CPU.ActiveCfg = Release|Any CPU
		{31BFD1FB-F42E-4C3D-ABF7-563A00E6C767}.Release|Any CPU.Build.0 = Release|Any CPU
	EndGlobalSection
	GlobalSection(SolutionProperties) = preSolution
		HideSolutionNode = FALSE
	EndGlobalSection
	GlobalSection(ExtensibilityGlobals) = postSolution
		SolutionGuid = {A364F7E7-7B7F-4CC7-8622-8611FE93FE0A}
	EndGlobalSection
EndGlobal
